// !$*UTF8*$!
{
	archiveVersion = 1;
	classes = {
	};
	objectVersion = 77;
	objects = {

/* Begin PBXBuildFile section */
		C08B51AB2FBFCB6C00F7FC36 /* WidgetKit.framework in Frameworks */ = {isa = PBXBuildFile; fileRef = C08B51AA2FBFCB6C00F7FC36 /* WidgetKit.framework */; };
		C08B51AD2FBFCB6C00F7FC36 /* SwiftUI.framework in Frameworks */ = {isa = PBXBuildFile; fileRef = C08B51AC2FBFCB6C00F7FC36 /* SwiftUI.framework */; };
		C08B51BE2FBFCB6D00F7FC36 /* TimerModulesWidgetExtension.appex in Embed Foundation Extensions */ = {isa = PBXBuildFile; fileRef = C08B51A82FBFCB6C00F7FC36 /* TimerModulesWidgetExtension.appex */; platformFilter = ios; settings = {ATTRIBUTES = (RemoveHeadersOnCopy, ); }; };
/* End PBXBuildFile section */

/* Begin PBXContainerItemProxy section */
		C08B51BC2FBFCB6D00F7FC36 /* PBXContainerItemProxy */ = {
			isa = PBXContainerItemProxy;
			containerPortal = C0C165F82FB8B2E60009DD85 /* Project object */;
			proxyType = 1;
			remoteGlobalIDString = C08B51A72FBFCB6C00F7FC36;
			remoteInfo = TimerModulesWidgetExtension;
		};
		C0C166122FB8B2E80009DD85 /* PBXContainerItemProxy */ = {
			isa = PBXContainerItemProxy;
			containerPortal = C0C165F82FB8B2E60009DD85 /* Project object */;
			proxyType = 1;
			remoteGlobalIDString = C0C165FF2FB8B2E60009DD85;
			remoteInfo = TimerModules;
		};
		C0C1661C2FB8B2E80009DD85 /* PBXContainerItemProxy */ = {
			isa = PBXContainerItemProxy;
			containerPortal = C0C165F82FB8B2E60009DD85 /* Project object */;
			proxyType = 1;
			remoteGlobalIDString = C0C165FF2FB8B2E60009DD85;
			remoteInfo = TimerModules;
		};
/* End PBXContainerItemProxy section */

/* Begin PBXCopyFilesBuildPhase section */
		C08B51BF2FBFCB6D00F7FC36 /* Embed Foundation Extensions */ = {
			isa = PBXCopyFilesBuildPhase;
			buildActionMask = 2147483647;
			dstPath = "";
			dstSubfolderSpec = 13;
			files = (
				C08B51BE2FBFCB6D00F7FC36 /* TimerModulesWidgetExtension.appex in Embed Foundation Extensions */,
			);
			name = "Embed Foundation Extensions";
			runOnlyForDeploymentPostprocessing = 0;
		};
/* End PBXCopyFilesBuildPhase section */

/* Begin PBXFileReference section */
		C08B51A82FBFCB6C00F7FC36 /* TimerModulesWidgetExtension.appex */ = {isa = PBXFileReference; explicitFileType = "wrapper.app-extension"; includeInIndex = 0; path = TimerModulesWidgetExtension.appex; sourceTree = BUILT_PRODUCTS_DIR; };
		C08B51AA2FBFCB6C00F7FC36 /* WidgetKit.framework */ = {isa = PBXFileReference; lastKnownFileType = wrapper.framework; name = WidgetKit.framework; path = System/Library/Frameworks/WidgetKit.framework; sourceTree = SDKROOT; };
		C08B51AC2FBFCB6C00F7FC36 /* SwiftUI.framework */ = {isa = PBXFileReference; lastKnownFileType = wrapper.framework; name = SwiftUI.framework; path = System/Library/Frameworks/SwiftUI.framework; sourceTree = SDKROOT; };
		C0A369F92FBFF8980034DD70 /* TimerModulesWidgetExtension.entitlements */ = {isa = PBXFileReference; lastKnownFileType = text.plist.entitlements; path = TimerModulesWidgetExtension.entitlements; sourceTree = "<group>"; };
		C0C166002FB8B2E60009DD85 /* TimerModules.app */ = {isa = PBXFileReference; explicitFileType = wrapper.application; includeInIndex = 0; path = TimerModules.app; sourceTree = BUILT_PRODUCTS_DIR; };
		C0C166112FB8B2E80009DD85 /* TimerModulesTests.xctest */ = {isa = PBXFileReference; explicitFileType = wrapper.cfbundle; includeInIndex = 0; path = TimerModulesTests.xctest; sourceTree = BUILT_PRODUCTS_DIR; };
		C0C1661B2FB8B2E80009DD85 /* TimerModulesUITests.xctest */ = {isa = PBXFileReference; explicitFileType = wrapper.cfbundle; includeInIndex = 0; path = TimerModulesUITests.xctest; sourceTree = BUILT_PRODUCTS_DIR; };
/* End PBXFileReference section */

/* Begin PBXFileSystemSynchronizedBuildFileExceptionSet section */
		C08B51C32FBFCB6D00F7FC36 /* Exceptions for "TimerModulesWidget" folder in "TimerModulesWidgetExtension" target */ = {
			isa = PBXFileSystemSynchronizedBuildFileExceptionSet;
			membershipExceptions = (
				Info.plist,
			);
			target = C08B51A72FBFCB6C00F7FC36 /* TimerModulesWidgetExtension */;
		};
		C0C166232FB8B2E80009DD85 /* Exceptions for "TimerModules" folder in "TimerModules" target */ = {
			isa = PBXFileSystemSynchronizedBuildFileExceptionSet;
			membershipExceptions = (
				Info.plist,
			);
			target = C0C165FF2FB8B2E60009DD85 /* TimerModules */;
		};
/* End PBXFileSystemSynchronizedBuildFileExceptionSet section */

/* Begin PBXFileSystemSynchronizedRootGroup section */
		C08B51AE2FBFCB6C00F7FC36 /* TimerModulesWidget */ = {
			isa = PBXFileSystemSynchronizedRootGroup;
			exceptions = (
				C08B51C32FBFCB6D00F7FC36 /* Exceptions for "TimerModulesWidget" folder in "TimerModulesWidgetExtension" target */,
			);
			path = TimerModulesWidget;
			sourceTree = "<group>";
		};
		C0C166022FB8B2E60009DD85 /* TimerModules */ = {
			isa = PBXFileSystemSynchronizedRootGroup;
			exceptions = (
				C0C166232FB8B2E80009DD85 /* Exceptions for "TimerModules" folder in "TimerModules" target */,
			);
			path = TimerModules;
			sourceTree = "<group>";
		};
		C0C166142FB8B2E80009DD85 /* TimerModulesTests */ = {
			isa = PBXFileSystemSynchronizedRootGroup;
			path = TimerModulesTests;
			sourceTree = "<group>";
		};
		C0C1661E2FB8B2E80009DD85 /* TimerModulesUITests */ = {
			isa = PBXFileSystemSynchronizedRootGroup;
			path = TimerModulesUITests;
			sourceTree = "<group>";
		};
/* End PBXFileSystemSynchronizedRootGroup section */

/* Begin PBXFrameworksBuildPhase section */
		C08B51A52FBFCB6C00F7FC36 /* Frameworks */ = {
			isa = PBXFrameworksBuildPhase;
			buildActionMask = 2147483647;
			files = (
				C08B51AD2FBFCB6C00F7FC36 /* SwiftUI.framework in Frameworks */,
				C08B51AB2FBFCB6C00F7FC36 /* WidgetKit.framework in Frameworks */,
			);
			runOnlyForDeploymentPostprocessing = 0;
		};
		C0C165FD2FB8B2E60009DD85 /* Frameworks */ = {
			isa = PBXFrameworksBuildPhase;
			buildActionMask = 2147483647;
			files = (
			);
			runOnlyForDeploymentPostprocessing = 0;
		};
		C0C1660E2FB8B2E80009DD85 /* Frameworks */ = {
			isa = PBXFrameworksBuildPhase;
			buildActionMask = 2147483647;
			files = (
			);
			runOnlyForDeploymentPostprocessing = 0;
		};
		C0C166182FB8B2E80009DD85 /* Frameworks */ = {
			isa = PBXFrameworksBuildPhase;
			buildActionMask = 2147483647;
			files = (
			);
			runOnlyForDeploymentPostprocessing = 0;
		};
/* End PBXFrameworksBuildPhase section */

/* Begin PBXGroup section */
		C08B51A92FBFCB6C00F7FC36 /* Frameworks */ = {
			isa = PBXGroup;
			children = (
				C08B51AA2FBFCB6C00F7FC36 /* WidgetKit.framework */,
				C08B51AC2FBFCB6C00F7FC36 /* SwiftUI.framework */,
			);
			name = Frameworks;
			sourceTree = "<group>";
		};
		C0C165F72FB8B2E60009DD85 = {
			isa = PBXGroup;
			children = (
				C0A369F92FBFF8980034DD70 /* TimerModulesWidgetExtension.entitlements */,
				C0C166022FB8B2E60009DD85 /* TimerModules */,
				C0C166142FB8B2E80009DD85 /* TimerModulesTests */,
				C0C1661E2FB8B2E80009DD85 /* TimerModulesUITests */,
				C08B51AE2FBFCB6C00F7FC36 /* TimerModulesWidget */,
				C08B51A92FBFCB6C00F7FC36 /* Frameworks */,
				C0C166012FB8B2E60009DD85 /* Products */,
			);
			sourceTree = "<group>";
		};
		C0C166012FB8B2E60009DD85 /* Products */ = {
			isa = PBXGroup;
			children = (
				C0C166002FB8B2E60009DD85 /* TimerModules.app */,
				C0C166112FB8B2E80009DD85 /* TimerModulesTests.xctest */,
				C0C1661B2FB8B2E80009DD85 /* TimerModulesUITests.xctest */,
				C08B51A82FBFCB6C00F7FC36 /* TimerModulesWidgetExtension.appex */,
			);
			name = Products;
			sourceTree = "<group>";
		};
/* End PBXGroup section */

/* Begin PBXNativeTarget section */
		C08B51A72FBFCB6C00F7FC36 /* TimerModulesWidgetExtension */ = {
			isa = PBXNativeTarget;
			buildConfigurationList = C08B51C22FBFCB6D00F7FC36 /* Build configuration list for PBXNativeTarget "TimerModulesWidgetExtension" */;
			buildPhases = (
				C08B51A42FBFCB6C00F7FC36 /* Sources */,
				C08B51A52FBFCB6C00F7FC36 /* Frameworks */,
				C08B51A62FBFCB6C00F7FC36 /* Resources */,
			);
			buildRules = (
			);
			dependencies = (
			);
			fileSystemSynchronizedGroups = (
				C08B51AE2FBFCB6C00F7FC36 /* TimerModulesWidget */,
			);
			name = TimerModulesWidgetExtension;
			packageProductDependencies = (
			);
			productName = TimerModulesWidgetExtension;
			productReference = C08B51A82FBFCB6C00F7FC36 /* TimerModulesWidgetExtension.appex */;
			productType = "com.apple.product-type.app-extension";
		};
		C0C165FF2FB8B2E60009DD85 /* TimerModules */ = {
			isa = PBXNativeTarget;
			buildConfigurationList = C0C166242FB8B2E80009DD85 /* Build configuration list for PBXNativeTarget "TimerModules" */;
			buildPhases = (
				C0C165FC2FB8B2E60009DD85 /* Sources */,
				C0C165FD2FB8B2E60009DD85 /* Frameworks */,
				C0C165FE2FB8B2E60009DD85 /* Resources */,
				C08B51BF2FBFCB6D00F7FC36 /* Embed Foundation Extensions */,
			);
			buildRules = (
			);
			dependencies = (
				C08B51BD2FBFCB6D00F7FC36 /* PBXTargetDependency */,
			);
			fileSystemSynchronizedGroups = (
				C0C166022FB8B2E60009DD85 /* TimerModules */,
			);
			name = TimerModules;
			packageProductDependencies = (
			);
			productName = TimerModules;
			productReference = C0C166002FB8B2E60009DD85 /* TimerModules.app */;
			productType = "com.apple.product-type.application";
		};
		C0C166102FB8B2E80009DD85 /* TimerModulesTests */ = {
			isa = PBXNativeTarget;
			buildConfigurationList = C0C166292FB8B2E80009DD85 /* Build configuration list for PBXNativeTarget "TimerModulesTests" */;
			buildPhases = (
				C0C1660D2FB8B2E80009DD85 /* Sources */,
				C0C1660E2FB8B2E80009DD85 /* Frameworks */,
				C0C1660F2FB8B2E80009DD85 /* Resources */,
			);
			buildRules = (
			);
			dependencies = (
				C0C166132FB8B2E80009DD85 /* PBXTargetDependency */,
			);
			fileSystemSynchronizedGroups = (
				C0C166142FB8B2E80009DD85 /* TimerModulesTests */,
			);
			name = TimerModulesTests;
			packageProductDependencies = (
			);
			productName = TimerModulesTests;
			productReference = C0C166112FB8B2E80009DD85 /* TimerModulesTests.xctest */;
			productType = "com.apple.product-type.bundle.unit-test";
		};
		C0C1661A2FB8B2E80009DD85 /* TimerModulesUITests */ = {
			isa = PBXNativeTarget;
			buildConfigurationList = C0C1662C2FB8B2E80009DD85 /* Build configuration list for PBXNativeTarget "TimerModulesUITests" */;
			buildPhases = (
				C0C166172FB8B2E80009DD85 /* Sources */,
				C0C166182FB8B2E80009DD85 /* Frameworks */,
				C0C166192FB8B2E80009DD85 /* Resources */,
			);
			buildRules = (
			);
			dependencies = (
				C0C1661D2FB8B2E80009DD85 /* PBXTargetDependency */,
			);
			fileSystemSynchronizedGroups = (
				C0C1661E2FB8B2E80009DD85 /* TimerModulesUITests */,
			);
			name = TimerModulesUITests;
			packageProductDependencies = (
			);
			productName = TimerModulesUITests;
			productReference = C0C1661B2FB8B2E80009DD85 /* TimerModulesUITests.xctest */;
			productType = "com.apple.product-type.bundle.ui-testing";
		};
/* End PBXNativeTarget section */

/* Begin PBXProject section */
		C0C165F82FB8B2E60009DD85 /* Project object */ = {
			isa = PBXProject;
			attributes = {
				BuildIndependentTargetsInParallel = 1;
				LastSwiftUpdateCheck = 2640;
				LastUpgradeCheck = 2640;
				TargetAttributes = {
					C08B51A72FBFCB6C00F7FC36 = {
						CreatedOnToolsVersion = 26.4;
					};
					C0C165FF2FB8B2E60009DD85 = {
						CreatedOnToolsVersion = 26.4;
					};
					C0C166102FB8B2E80009DD85 = {
						CreatedOnToolsVersion = 26.4;
						TestTargetID = C0C165FF2FB8B2E60009DD85;
					};
					C0C1661A2FB8B2E80009DD85 = {
						CreatedOnToolsVersion = 26.4;
						TestTargetID = C0C165FF2FB8B2E60009DD85;
					};
				};
			};
			buildConfigurationList = C0C165FB2FB8B2E60009DD85 /* Build configuration list for PBXProject "TimerModules" */;
			developmentRegion = en;
			hasScannedForEncodings = 0;
			knownRegions = (
				en,
				Base,
			);
			mainGroup = C0C165F72FB8B2E60009DD85;
			minimizedProjectReferenceProxies = 1;
			preferredProjectObjectVersion = 77;
			productRefGroup = C0C166012FB8B2E60009DD85 /* Products */;
			projectDirPath = "";
			projectRoot = "";
			targets = (
				C0C165FF2FB8B2E60009DD85 /* TimerModules */,
				C0C166102FB8B2E80009DD85 /* TimerModulesTests */,
				C0C1661A2FB8B2E80009DD85 /* TimerModulesUITests */,
				C08B51A72FBFCB6C00F7FC36 /* TimerModulesWidgetExtension */,
			);
		};
/* End PBXProject section */

/* Begin PBXResourcesBuildPhase section */
		C08B51A62FBFCB6C00F7FC36 /* Resources */ = {
			isa = PBXResourcesBuildPhase;
			buildActionMask = 2147483647;
			files = (
			);
			runOnlyForDeploymentPostprocessing = 0;
		};
		C0C165FE2FB8B2E60009DD85 /* Resources */ = {
			isa = PBXResourcesBuildPhase;
			buildActionMask = 2147483647;
			files = (
			);
			runOnlyForDeploymentPostprocessing = 0;
		};
		C0C1660F2FB8B2E80009DD85 /* Resources */ = {
			isa = PBXResourcesBuildPhase;
			buildActionMask = 2147483647;
			files = (
			);
			runOnlyForDeploymentPostprocessing = 0;
		};
		C0C166192FB8B2E80009DD85 /* Resources */ = {
			isa = PBXResourcesBuildPhase;
			buildActionMask = 2147483647;
			files = (
			);
			runOnlyForDeploymentPostprocessing = 0;
		};
/* End PBXResourcesBuildPhase section */

/* Begin PBXSourcesBuildPhase section */
		C08B51A42FBFCB6C00F7FC36 /* Sources */ = {
			isa = PBXSourcesBuildPhase;
			buildActionMask = 2147483647;
			files = (
			);
			runOnlyForDeploymentPostprocessing = 0;
		};
		C0C165FC2FB8B2E60009DD85 /* Sources */ = {
			isa = PBXSourcesBuildPhase;
			buildActionMask = 2147483647;
			files = (
			);
			runOnlyForDeploymentPostprocessing = 0;
		};
		C0C1660D2FB8B2E80009DD85 /* Sources */ = {
			isa = PBXSourcesBuildPhase;
			buildActionMask = 2147483647;
			files = (
			);
			runOnlyForDeploymentPostprocessing = 0;
		};
		C0C166172FB8B2E80009DD85 /* Sources */ = {
			isa = PBXSourcesBuildPhase;
			buildActionMask = 2147483647;
			files = (
			);
			runOnlyForDeploymentPostprocessing = 0;
		};
/* End PBXSourcesBuildPhase section */

/* Begin PBXTargetDependency section */
		C08B51BD2FBFCB6D00F7FC36 /* PBXTargetDependency */ = {
			isa = PBXTargetDependency;
			target = C08B51A72FBFCB6C00F7FC36 /* TimerModulesWidgetExtension */;
			targetProxy = C08B51BC2FBFCB6D00F7FC36 /* PBXContainerItemProxy */;
		};
		C0C166132FB8B2E80009DD85 /* PBXTargetDependency */ = {
			isa = PBXTargetDependency;
			target = C0C165FF2FB8B2E60009DD85 /* TimerModules */;
			targetProxy = C0C166122FB8B2E80009DD85 /* PBXContainerItemProxy */;
		};
		C0C1661D2FB8B2E80009DD85 /* PBXTargetDependency */ = {
			isa = PBXTargetDependency;
			target = C0C165FF2FB8B2E60009DD85 /* TimerModules */;
			targetProxy = C0C1661C2FB8B2E80009DD85 /* PBXContainerItemProxy */;
		};
/* End PBXTargetDependency section */

/* Begin XCBuildConfiguration section */
		C08B51C02FBFCB6D00F7FC36 /* Debug */ = {
			isa = XCBuildConfiguration;
			buildSettings = {
				ASSETCATALOG_COMPILER_GLOBAL_ACCENT_COLOR_NAME = AccentColor;
				ASSETCATALOG_COMPILER_WIDGET_BACKGROUND_COLOR_NAME = WidgetBackground;
				CODE_SIGN_ENTITLEMENTS = TimerModulesWidgetExtension.entitlements;
				CODE_SIGN_STYLE = Automatic;
				CURRENT_PROJECT_VERSION = 1;
				DEVELOPMENT_TEAM = 3X3F6UJ44H;
				GENERATE_INFOPLIST_FILE = YES;
				INFOPLIST_FILE = TimerModulesWidget/Info.plist;
				INFOPLIST_KEY_CFBundleDisplayName = TimerModulesWidget;
				INFOPLIST_KEY_NSHumanReadableCopyright = "";
				IPHONEOS_DEPLOYMENT_TARGET = 26.4;
				LD_RUNPATH_SEARCH_PATHS = (
					"$(inherited)",
					"@executable_path/Frameworks",
					"@executable_path/../../Frameworks",
				);
				MARKETING_VERSION = 1.0;
				PRODUCT_BUNDLE_IDENTIFIER = com.nightgard.timermodules.TimerModulesWidget;
				PRODUCT_NAME = "$(TARGET_NAME)";
				SDKROOT = iphoneos;
				SKIP_INSTALL = YES;
				STRING_CATALOG_GENERATE_SYMBOLS = YES;
				SWIFT_APPROACHABLE_CONCURRENCY = YES;
				SWIFT_EMIT_LOC_STRINGS = YES;
				SWIFT_UPCOMING_FEATURE_MEMBER_IMPORT_VISIBILITY = YES;
				SWIFT_VERSION = 5.0;
				TARGETED_DEVICE_FAMILY = "1,2";
			};
			name = Debug;
		};
		C08B51C12FBFCB6D00F7FC36 /* Release */ = {
			isa = XCBuildConfiguration;
			buildSettings = {
				ASSETCATALOG_COMPILER_GLOBAL_ACCENT_COLOR_NAME = AccentColor;
				ASSETCATALOG_COMPILER_WIDGET_BACKGROUND_COLOR_NAME = WidgetBackground;
				CODE_SIGN_ENTITLEMENTS = TimerModulesWidgetExtension.entitlements;
				CODE_SIGN_STYLE = Automatic;
				CURRENT_PROJECT_VERSION = 1;
				DEVELOPMENT_TEAM = 3X3F6UJ44H;
				GENERATE_INFOPLIST_FILE = YES;
				INFOPLIST_FILE = TimerModulesWidget/Info.plist;
				INFOPLIST_KEY_CFBundleDisplayName = TimerModulesWidget;
				INFOPLIST_KEY_NSHumanReadableCopyright = "";
				IPHONEOS_DEPLOYMENT_TARGET = 26.4;
				LD_RUNPATH_SEARCH_PATHS = (
					"$(inherited)",
					"@executable_path/Frameworks",
					"@executable_path/../../Frameworks",
				);
				MARKETING_VERSION = 1.0;
				PRODUCT_BUNDLE_IDENTIFIER = com.nightgard.timermodules.TimerModulesWidget;
				PRODUCT_NAME = "$(TARGET_NAME)";
				SDKROOT = iphoneos;
				SKIP_INSTALL = YES;
				STRING_CATALOG_GENERATE_SYMBOLS = YES;
				SWIFT_APPROACHABLE_CONCURRENCY = YES;
				SWIFT_EMIT_LOC_STRINGS = YES;
				SWIFT_UPCOMING_FEATURE_MEMBER_IMPORT_VISIBILITY = YES;
				SWIFT_VERSION = 5.0;
				TARGETED_DEVICE_FAMILY = "1,2";
				VALIDATE_PRODUCT = YES;
			};
			name = Release;
		};
		C0C166252FB8B2E80009DD85 /* Debug */ = {
			isa = XCBuildConfiguration;
			buildSettings = {
				ASSETCATALOG_COMPILER_APPICON_NAME = AppIcon;
				ASSETCATALOG_COMPILER_GLOBAL_ACCENT_COLOR_NAME = AccentColor;
				CODE_SIGN_ENTITLEMENTS = TimerModules/TimerModules.entitlements;
				CODE_SIGN_STYLE = Automatic;
				CURRENT_PROJECT_VERSION = 1;
				DEVELOPMENT_TEAM = 3X3F6UJ44H;
				ENABLE_APP_SANDBOX = YES;
				ENABLE_HARDENED_RUNTIME = YES;
				ENABLE_PREVIEWS = YES;
				ENABLE_USER_SELECTED_FILES = readonly;
				GENERATE_INFOPLIST_FILE = YES;
				INFOPLIST_FILE = TimerModules/Info.plist;
				"INFOPLIST_KEY_UIApplicationSceneManifest_Generation[sdk=iphoneos*]" = YES;
				"INFOPLIST_KEY_UIApplicationSceneManifest_Generation[sdk=iphonesimulator*]" = YES;
				"INFOPLIST_KEY_UIApplicationSupportsIndirectInputEvents[sdk=iphoneos*]" = YES;
				"INFOPLIST_KEY_UIApplicationSupportsIndirectInputEvents[sdk=iphonesimulator*]" = YES;
				"INFOPLIST_KEY_UILaunchScreen_Generation[sdk=iphoneos*]" = YES;
				"INFOPLIST_KEY_UILaunchScreen_Generation[sdk=iphonesimulator*]" = YES;
				"INFOPLIST_KEY_UIStatusBarStyle[sdk=iphoneos*]" = UIStatusBarStyleDefault;
				"INFOPLIST_KEY_UIStatusBarStyle[sdk=iphonesimulator*]" = UIStatusBarStyleDefault;
				INFOPLIST_KEY_NSCalendarsFullAccessUsageDescription = "Calendar Processing Module bridges your calendars in and out — it reads your events to fire ports and writes back to its own dedicated TimerModulesCPM calendar.";
				INFOPLIST_KEY_NSCalendarsUsageDescription = "Calendar Processing Module bridges your calendars in and out — it reads your events to fire ports and writes back to its own dedicated TimerModulesCPM calendar.";
				INFOPLIST_KEY_UISupportedInterfaceOrientations_iPad = "UIInterfaceOrientationPortrait UIInterfaceOrientationPortraitUpsideDown UIInterfaceOrientationLandscapeLeft UIInterfaceOrientationLandscapeRight";
				INFOPLIST_KEY_UISupportedInterfaceOrientations_iPhone = "UIInterfaceOrientationPortrait UIInterfaceOrientationLandscapeLeft UIInterfaceOrientationLandscapeRight";
				IPHONEOS_DEPLOYMENT_TARGET = 26.4;
				LD_RUNPATH_SEARCH_PATHS = "@executable_path/Frameworks";
				"LD_RUNPATH_SEARCH_PATHS[sdk=macosx*]" = "@executable_path/../Frameworks";
				MACOSX_DEPLOYMENT_TARGET = 26.4;
				MARKETING_VERSION = 1.0;
				PRODUCT_BUNDLE_IDENTIFIER = com.nightgard.timermodules;
				PRODUCT_NAME = "$(TARGET_NAME)";
				REGISTER_APP_GROUPS = YES;
				SDKROOT = auto;
				STRING_CATALOG_GENERATE_SYMBOLS = YES;
				SUPPORTED_PLATFORMS = "iphoneos iphonesimulator macosx xros xrsimulator";
				SWIFT_APPROACHABLE_CONCURRENCY = YES;
				SWIFT_DEFAULT_ACTOR_ISOLATION = MainActor;
				SWIFT_EMIT_LOC_STRINGS = YES;
				SWIFT_UPCOMING_FEATURE_MEMBER_IMPORT_VISIBILITY = YES;
				SWIFT_VERSION = 5.0;
				TARGETED_DEVICE_FAMILY = "1,2,7";
				XROS_DEPLOYMENT_TARGET = 26.4;
			};
			name = Debug;
		};
		C0C166262FB8B2E80009DD85 /* Release */ = {
			isa = XCBuildConfiguration;
			buildSettings = {
				ASSETCATALOG_COMPILER_APPICON_NAME = AppIcon;
				ASSETCATALOG_COMPILER_GLOBAL_ACCENT_COLOR_NAME = AccentColor;
				CODE_SIGN_ENTITLEMENTS = TimerModules/TimerModules.entitlements;
				CODE_SIGN_STYLE = Automatic;
				CURRENT_PROJECT_VERSION = 1;
				DEVELOPMENT_TEAM = 3X3F6UJ44H;
				ENABLE_APP_SANDBOX = YES;
				ENABLE_HARDENED_RUNTIME = YES;
				ENABLE_PREVIEWS = YES;
				ENABLE_USER_SELECTED_FILES = readonly;
				GENERATE_INFOPLIST_FILE = YES;
				INFOPLIST_FILE = TimerModules/Info.plist;
				"INFOPLIST_KEY_UIApplicationSceneManifest_Generation[sdk=iphoneos*]" = YES;
				"INFOPLIST_KEY_UIApplicationSceneManifest_Generation[sdk=iphonesimulator*]" = YES;
				"INFOPLIST_KEY_UIApplicationSupportsIndirectInputEvents[sdk=iphoneos*]" = YES;
				"INFOPLIST_KEY_UIApplicationSupportsIndirectInputEvents[sdk=iphonesimulator*]" = YES;
				"INFOPLIST_KEY_UILaunchScreen_Generation[sdk=iphoneos*]" = YES;
				"INFOPLIST_KEY_UILaunchScreen_Generation[sdk=iphonesimulator*]" = YES;
				"INFOPLIST_KEY_UIStatusBarStyle[sdk=iphoneos*]" = UIStatusBarStyleDefault;
				"INFOPLIST_KEY_UIStatusBarStyle[sdk=iphonesimulator*]" = UIStatusBarStyleDefault;
				INFOPLIST_KEY_NSCalendarsFullAccessUsageDescription = "Calendar Processing Module bridges your calendars in and out — it reads your events to fire ports and writes back to its own dedicated TimerModulesCPM calendar.";
				INFOPLIST_KEY_NSCalendarsUsageDescription = "Calendar Processing Module bridges your calendars in and out — it reads your events to fire ports and writes back to its own dedicated TimerModulesCPM calendar.";
				INFOPLIST_KEY_UISupportedInterfaceOrientations_iPad = "UIInterfaceOrientationPortrait UIInterfaceOrientationPortraitUpsideDown UIInterfaceOrientationLandscapeLeft UIInterfaceOrientationLandscapeRight";
				INFOPLIST_KEY_UISupportedInterfaceOrientations_iPhone = "UIInterfaceOrientationPortrait UIInterfaceOrientationLandscapeLeft UIInterfaceOrientationLandscapeRight";
				IPHONEOS_DEPLOYMENT_TARGET = 26.4;
				LD_RUNPATH_SEARCH_PATHS = "@executable_path/Frameworks";
				"LD_RUNPATH_SEARCH_PATHS[sdk=macosx*]" = "@executable_path/../Frameworks";
				MACOSX_DEPLOYMENT_TARGET = 26.4;
				MARKETING_VERSION = 1.0;
				PRODUCT_BUNDLE_IDENTIFIER = com.nightgard.timermodules;
				PRODUCT_NAME = "$(TARGET_NAME)";
				REGISTER_APP_GROUPS = YES;
				SDKROOT = auto;
				STRING_CATALOG_GENERATE_SYMBOLS = YES;
				SUPPORTED_PLATFORMS = "iphoneos iphonesimulator macosx xros xrsimulator";
				SWIFT_APPROACHABLE_CONCURRENCY = YES;
				SWIFT_DEFAULT_ACTOR_ISOLATION = MainActor;
				SWIFT_EMIT_LOC_STRINGS = YES;
				SWIFT_UPCOMING_FEATURE_MEMBER_IMPORT_VISIBILITY = YES;
				SWIFT_VERSION = 5.0;
				TARGETED_DEVICE_FAMILY = "1,2,7";
				XROS_DEPLOYMENT_TARGET = 26.4;
			};
			name = Release;
		};
		C0C166272FB8B2E80009DD85 /* Debug */ = {
			isa = XCBuildConfiguration;
			buildSettings = {
				ALWAYS_SEARCH_USER_PATHS = NO;
				ASSETCATALOG_COMPILER_GENERATE_SWIFT_ASSET_SYMBOL_EXTENSIONS = YES;
				CLANG_ANALYZER_NONNULL = YES;
				CLANG_ANALYZER_NUMBER_OBJECT_CONVERSION = YES_AGGRESSIVE;
				CLANG_CXX_LANGUAGE_STANDARD = "gnu++20";
				CLANG_ENABLE_MODULES = YES;
				CLANG_ENABLE_OBJC_ARC = YES;
				CLANG_ENABLE_OBJC_WEAK = YES;
				CLANG_WARN_BLOCK_CAPTURE_AUTORELEASING = YES;
				CLANG_WARN_BOOL_CONVERSION = YES;
				CLANG_WARN_COMMA = YES;
				CLANG_WARN_CONSTANT_CONVERSION = YES;
				CLANG_WARN_DEPRECATED_OBJC_IMPLEMENTATIONS = YES;
				CLANG_WARN_DIRECT_OBJC_ISA_USAGE = YES_ERROR;
				CLANG_WARN_DOCUMENTATION_COMMENTS = YES;
				CLANG_WARN_EMPTY_BODY = YES;
				CLANG_WARN_ENUM_CONVERSION = YES;
				CLANG_WARN_INFINITE_RECURSION = YES;
				CLANG_WARN_INT_CONVERSION = YES;
				CLANG_WARN_NON_LITERAL_NULL_CONVERSION = YES;
				CLANG_WARN_OBJC_IMPLICIT_RETAIN_SELF = YES;
				CLANG_WARN_OBJC_LITERAL_CONVERSION = YES;
				CLANG_WARN_OBJC_ROOT_CLASS = YES_ERROR;
				CLANG_WARN_QUOTED_INCLUDE_IN_FRAMEWORK_HEADER = YES;
				CLANG_WARN_RANGE_LOOP_ANALYSIS = YES;
				CLANG_WARN_STRICT_PROTOTYPES = YES;
				CLANG_WARN_SUSPICIOUS_MOVE = YES;
				CLANG_WARN_UNGUARDED_AVAILABILITY = YES_AGGRESSIVE;
				CLANG_WARN_UNREACHABLE_CODE = YES;
				CLANG_WARN__DUPLICATE_METHOD_MATCH = YES;
				COPY_PHASE_STRIP = NO;
				DEBUG_INFORMATION_FORMAT = dwarf;
				DEVELOPMENT_TEAM = 3X3F6UJ44H;
				ENABLE_STRICT_OBJC_MSGSEND = YES;
				ENABLE_TESTABILITY = YES;
				ENABLE_USER_SCRIPT_SANDBOXING = YES;
				GCC_C_LANGUAGE_STANDARD = gnu17;
				GCC_DYNAMIC_NO_PIC = NO;
				GCC_NO_COMMON_BLOCKS = YES;
				GCC_OPTIMIZATION_LEVEL = 0;
				GCC_PREPROCESSOR_DEFINITIONS = (
					"DEBUG=1",
					"$(inherited)",
				);
				GCC_WARN_64_TO_32_BIT_CONVERSION = YES;
				GCC_WARN_ABOUT_RETURN_TYPE = YES_ERROR;
				GCC_WARN_UNDECLARED_SELECTOR = YES;
				GCC_WARN_UNINITIALIZED_AUTOS = YES_AGGRESSIVE;
				GCC_WARN_UNUSED_FUNCTION = YES;
				GCC_WARN_UNUSED_VARIABLE = YES;
				LOCALIZATION_PREFERS_STRING_CATALOGS = YES;
				MTL_ENABLE_DEBUG_INFO = INCLUDE_SOURCE;
				MTL_FAST_MATH = YES;
				ONLY_ACTIVE_ARCH = YES;
				SWIFT_ACTIVE_COMPILATION_CONDITIONS = "DEBUG $(inherited)";
				SWIFT_OPTIMIZATION_LEVEL = "-Onone";
			};
			name = Debug;
		};
		C0C166282FB8B2E80009DD85 /* Release */ = {
			isa = XCBuildConfiguration;
			buildSettings = {
				ALWAYS_SEARCH_USER_PATHS = NO;
				ASSETCATALOG_COMPILER_GENERATE_SWIFT_ASSET_SYMBOL_EXTENSIONS = YES;
				CLANG_ANALYZER_NONNULL = YES;
				CLANG_ANALYZER_NUMBER_OBJECT_CONVERSION = YES_AGGRESSIVE;
				CLANG_CXX_LANGUAGE_STANDARD = "gnu++20";
				CLANG_ENABLE_MODULES = YES;
				CLANG_ENABLE_OBJC_ARC = YES;
				CLANG_ENABLE_OBJC_WEAK = YES;
				CLANG_WARN_BLOCK_CAPTURE_AUTORELEASING = YES;
				CLANG_WARN_BOOL_CONVERSION = YES;
				CLANG_WARN_COMMA = YES;
				CLANG_WARN_CONSTANT_CONVERSION = YES;
				CLANG_WARN_DEPRECATED_OBJC_IMPLEMENTATIONS = YES;
				CLANG_WARN_DIRECT_OBJC_ISA_USAGE = YES_ERROR;
				CLANG_WARN_DOCUMENTATION_COMMENTS = YES;
				CLANG_WARN_EMPTY_BODY = YES;
				CLANG_WARN_ENUM_CONVERSION = YES;
				CLANG_WARN_INFINITE_RECURSION = YES;
				CLANG_WARN_INT_CONVERSION = YES;
				CLANG_WARN_NON_LITERAL_NULL_CONVERSION = YES;
				CLANG_WARN_OBJC_IMPLICIT_RETAIN_SELF = YES;
				CLANG_WARN_OBJC_LITERAL_CONVERSION = YES;
				CLANG_WARN_OBJC_ROOT_CLASS = YES_ERROR;
				CLANG_WARN_QUOTED_INCLUDE_IN_FRAMEWORK_HEADER = YES;
				CLANG_WARN_RANGE_LOOP_ANALYSIS = YES;
				CLANG_WARN_STRICT_PROTOTYPES = YES;
				CLANG_WARN_SUSPICIOUS_MOVE = YES;
				CLANG_WARN_UNGUARDED_AVAILABILITY = YES_AGGRESSIVE;
				CLANG_WARN_UNREACHABLE_CODE = YES;
				CLANG_WARN__DUPLICATE_METHOD_MATCH = YES;
				COPY_PHASE_STRIP = NO;
				DEBUG_INFORMATION_FORMAT = "dwarf-with-dsym";
				DEVELOPMENT_TEAM = 3X3F6UJ44H;
				ENABLE_NS_ASSERTIONS = NO;
				ENABLE_STRICT_OBJC_MSGSEND = YES;
				ENABLE_USER_SCRIPT_SANDBOXING = YES;
				GCC_C_LANGUAGE_STANDARD = gnu17;
				GCC_NO_COMMON_BLOCKS = YES;
				GCC_WARN_64_TO_32_BIT_CONVERSION = YES;
				GCC_WARN_ABOUT_RETURN_TYPE = YES_ERROR;
				GCC_WARN_UNDECLARED_SELECTOR = YES;
				GCC_WARN_UNINITIALIZED_AUTOS = YES_AGGRESSIVE;
				GCC_WARN_UNUSED_FUNCTION = YES;
				GCC_WARN_UNUSED_VARIABLE = YES;
				LOCALIZATION_PREFERS_STRING_CATALOGS = YES;
				MTL_ENABLE_DEBUG_INFO = NO;
				MTL_FAST_MATH = YES;
				SWIFT_COMPILATION_MODE = wholemodule;
			};
			name = Release;
		};
		C0C1662A2FB8B2E80009DD85 /* Debug */ = {
			isa = XCBuildConfiguration;
			buildSettings = {
				BUNDLE_LOADER = "$(TEST_HOST)";
				CODE_SIGN_STYLE = Automatic;
				CURRENT_PROJECT_VERSION = 1;
				DEVELOPMENT_TEAM = 3X3F6UJ44H;
				GENERATE_INFOPLIST_FILE = YES;
				IPHONEOS_DEPLOYMENT_TARGET = 26.4;
				MACOSX_DEPLOYMENT_TARGET = 26.4;
				MARKETING_VERSION = 1.0;
				PRODUCT_BUNDLE_IDENTIFIER = com.nightgard.timermodulesTests;
				PRODUCT_NAME = "$(TARGET_NAME)";
				SDKROOT = auto;
				STRING_CATALOG_GENERATE_SYMBOLS = NO;
				SUPPORTED_PLATFORMS = "iphoneos iphonesimulator macosx xros xrsimulator";
				SWIFT_APPROACHABLE_CONCURRENCY = YES;
				SWIFT_EMIT_LOC_STRINGS = NO;
				SWIFT_UPCOMING_FEATURE_MEMBER_IMPORT_VISIBILITY = YES;
				SWIFT_VERSION = 5.0;
				TARGETED_DEVICE_FAMILY = "1,2,7";
				TEST_HOST = "$(BUILT_PRODUCTS_DIR)/TimerModules.app/$(BUNDLE_EXECUTABLE_FOLDER_PATH)/TimerModules";
				XROS_DEPLOYMENT_TARGET = 26.4;
			};
			name = Debug;
		};
		C0C1662B2FB8B2E80009DD85 /* Release */ = {
			isa = XCBuildConfiguration;
			buildSettings = {
				BUNDLE_LOADER = "$(TEST_HOST)";
				CODE_SIGN_STYLE = Automatic;
				CURRENT_PROJECT_VERSION = 1;
				DEVELOPMENT_TEAM = 3X3F6UJ44H;
				GENERATE_INFOPLIST_FILE = YES;
				IPHONEOS_DEPLOYMENT_TARGET = 26.4;
				MACOSX_DEPLOYMENT_TARGET = 26.4;
				MARKETING_VERSION = 1.0;
				PRODUCT_BUNDLE_IDENTIFIER = com.nightgard.timermodulesTests;
				PRODUCT_NAME = "$(TARGET_NAME)";
				SDKROOT = auto;
				STRING_CATALOG_GENERATE_SYMBOLS = NO;
				SUPPORTED_PLATFORMS = "iphoneos iphonesimulator macosx xros xrsimulator";
				SWIFT_APPROACHABLE_CONCURRENCY = YES;
				SWIFT_EMIT_LOC_STRINGS = NO;
				SWIFT_UPCOMING_FEATURE_MEMBER_IMPORT_VISIBILITY = YES;
				SWIFT_VERSION = 5.0;
				TARGETED_DEVICE_FAMILY = "1,2,7";
				TEST_HOST = "$(BUILT_PRODUCTS_DIR)/TimerModules.app/$(BUNDLE_EXECUTABLE_FOLDER_PATH)/TimerModules";
				XROS_DEPLOYMENT_TARGET = 26.4;
			};
			name = Release;
		};
		C0C1662D2FB8B2E80009DD85 /* Debug */ = {
			isa = XCBuildConfiguration;
			buildSettings = {
				CODE_SIGN_STYLE = Automatic;
				CURRENT_PROJECT_VERSION = 1;
				DEVELOPMENT_TEAM = 3X3F6UJ44H;
				GENERATE_INFOPLIST_FILE = YES;
				IPHONEOS_DEPLOYMENT_TARGET = 26.4;
				MACOSX_DEPLOYMENT_TARGET = 26.4;
				MARKETING_VERSION = 1.0;
				PRODUCT_BUNDLE_IDENTIFIER = com.nightgard.timermodulesUITests;
				PRODUCT_NAME = "$(TARGET_NAME)";
				SDKROOT = auto;
				STRING_CATALOG_GENERATE_SYMBOLS = NO;
				SUPPORTED_PLATFORMS = "iphoneos iphonesimulator macosx xros xrsimulator";
				SWIFT_APPROACHABLE_CONCURRENCY = YES;
				SWIFT_EMIT_LOC_STRINGS = NO;
				SWIFT_UPCOMING_FEATURE_MEMBER_IMPORT_VISIBILITY = YES;
				SWIFT_VERSION = 5.0;
				TARGETED_DEVICE_FAMILY = "1,2,7";
				TEST_TARGET_NAME = TimerModules;
				XROS_DEPLOYMENT_TARGET = 26.4;
			};
			name = Debug;
		};
		C0C1662E2FB8B2E80009DD85 /* Release */ = {
			isa = XCBuildConfiguration;
			buildSettings = {
				CODE_SIGN_STYLE = Automatic;
				CURRENT_PROJECT_VERSION = 1;
				DEVELOPMENT_TEAM = 3X3F6UJ44H;
				GENERATE_INFOPLIST_FILE = YES;
				IPHONEOS_DEPLOYMENT_TARGET = 26.4;
				MACOSX_DEPLOYMENT_TARGET = 26.4;
				MARKETING_VERSION = 1.0;
				PRODUCT_BUNDLE_IDENTIFIER = com.nightgard.timermodulesUITests;
				PRODUCT_NAME = "$(TARGET_NAME)";
				SDKROOT = auto;
				STRING_CATALOG_GENERATE_SYMBOLS = NO;
				SUPPORTED_PLATFORMS = "iphoneos iphonesimulator macosx xros xrsimulator";
				SWIFT_APPROACHABLE_CONCURRENCY = YES;
				SWIFT_EMIT_LOC_STRINGS = NO;
				SWIFT_UPCOMING_FEATURE_MEMBER_IMPORT_VISIBILITY = YES;
				SWIFT_VERSION = 5.0;
				TARGETED_DEVICE_FAMILY = "1,2,7";
				TEST_TARGET_NAME = TimerModules;
				XROS_DEPLOYMENT_TARGET = 26.4;
			};
			name = Release;
		};
/* End XCBuildConfiguration section */

/* Begin XCConfigurationList section */
		C08B51C22FBFCB6D00F7FC36 /* Build configuration list for PBXNativeTarget "TimerModulesWidgetExtension" */ = {
			isa = XCConfigurationList;
			buildConfigurations = (
				C08B51C02FBFCB6D00F7FC36 /* Debug */,
				C08B51C12FBFCB6D00F7FC36 /* Release */,
			);
			defaultConfigurationIsVisible = 0;
			defaultConfigurationName = Release;
		};
		C0C165FB2FB8B2E60009DD85 /* Build configuration list for PBXProject "TimerModules" */ = {
			isa = XCConfigurationList;
			buildConfigurations = (
				C0C166272FB8B2E80009DD85 /* Debug */,
				C0C166282FB8B2E80009DD85 /* Release */,
			);
			defaultConfigurationIsVisible = 0;
			defaultConfigurationName = Release;
		};
		C0C166242FB8B2E80009DD85 /* Build configuration list for PBXNativeTarget "TimerModules" */ = {
			isa = XCConfigurationList;
			buildConfigurations = (
				C0C166252FB8B2E80009DD85 /* Debug */,
				C0C166262FB8B2E80009DD85 /* Release */,
			);
			defaultConfigurationIsVisible = 0;
			defaultConfigurationName = Release;
		};
		C0C166292FB8B2E80009DD85 /* Build configuration list for PBXNativeTarget "TimerModulesTests" */ = {
			isa = XCConfigurationList;
			buildConfigurations = (
				C0C1662A2FB8B2E80009DD85 /* Debug */,
				C0C1662B2FB8B2E80009DD85 /* Release */,
			);
			defaultConfigurationIsVisible = 0;
			defaultConfigurationName = Release;
		};
		C0C1662C2FB8B2E80009DD85 /* Build configuration list for PBXNativeTarget "TimerModulesUITests" */ = {
			isa = XCConfigurationList;
			buildConfigurations = (
				C0C1662D2FB8B2E80009DD85 /* Debug */,
				C0C1662E2FB8B2E80009DD85 /* Release */,
			);
			defaultConfigurationIsVisible = 0;
			defaultConfigurationName = Release;
		};
/* End XCConfigurationList section */
	};
	rootObject = C0C165F82FB8B2E60009DD85 /* Project object */;
}
